
Microsoft Visual Studio Solution File, Format Version 12.00
# Visual Studio Version 17
VisualStudioVersion = 17.8.34408.163
MinimumVisualStudioVersion = 10.0.40219.1
Project("{FAE04EC0-301F-11D3-BF4B-00C04F79EFBC}") = "Advance_DotNet_Concepts_Keka_Goals", "Advance DotNet Concepts Keka Golas\Advance_DotNet_Concepts_Keka_Goals.csproj", "{36D66B55-F34C-477D-BC5F-4E172904B9AA}"
EndProject
Global
	GlobalSection(SolutionConfigurationPlatforms) = preSolution
		Debug|Any CPU = Debug|Any CPU
		Release|Any CPU = Release|Any CPU
	EndGlobalSection
	GlobalSection(ProjectConfigurationPlatforms) = postSolution
		{36D66B55-F34C-477D-BC5F-4E172904B9AA}.Debug|Any CPU.ActiveCfg = Debug|Any CPU
		{36D66B55-F34C-477D-BC5F-4E172904B9AA}.Debug|Any CPU.Build.0 = Debug|Any CPU
		{36D66B55-F34C-477D-BC5F-4E172904B9AA}.Release|Any CPU.ActiveCfg = Release|Any CPU
		{36D66B55-F34C-477D-BC5F-4E172904B9AA}.Release|Any CPU.Build.0 = Release|Any CPU
	EndGlobalSection
	GlobalSection(SolutionProperties) = preSolution
		HideSolutionNode = FALSE
	EndGlobalSection
	GlobalSection(ExtensibilityGlobals) = postSolution
		SolutionGuid = {D5CE9D0F-56AF-4D30-B08A-CE0E28350F7B}
	EndGlobalSection
EndGlobal
